
Microsoft Visual Studio Solution File, Format Version 12.00
# Visual Studio Version 17
VisualStudioVersion = 17.3.32922.545
MinimumVisualStudioVersion = 10.0.40219.1
Project("{9A19103F-16F7-4668-BE54-9A1E7A4F7556}") = "ClassWork1", "ClassWork\ClassWork1.csproj", "{2BD38676-E1F6-4009-95D6-0A97A6E4C7A3}"
EndProject
Project("{9A19103F-16F7-4668-BE54-9A1E7A4F7556}") = "Home", "Home\Home.csproj", "{AA97E026-5094-4D35-993D-07348862C676}"
EndProject
Project("{9A19103F-16F7-4668-BE54-9A1E7A4F7556}") = "ClassWork2", "ClassWork2\ClassWork2.csproj", "{6164F1BB-C841-43E4-8869-370615667DF2}"
EndProject
Global
	GlobalSection(SolutionConfigurationPlatforms) = preSolution
		Debug|Any CPU = Debug|Any CPU
		Release|Any CPU = Release|Any CPU
	EndGlobalSection
	GlobalSection(ProjectConfigurationPlatforms) = postSolution
		{2BD38676-E1F6-4009-95D6-0A97A6E4C7A3}.Debug|Any CPU.ActiveCfg = Debug|Any CPU
		{2BD38676-E1F6-4009-95D6-0A97A6E4C7A3}.Debug|Any CPU.Build.0 = Debug|Any CPU
		{2BD38676-E1F6-4009-95D6-0A97A6E4C7A3}.Release|Any CPU.ActiveCfg = Release|Any CPU
		{2BD38676-E1F6-4009-95D6-0A97A6E4C7A3}.Release|Any CPU.Build.0 = Release|Any CPU
		{AA97E026-5094-4D35-993D-07348862C676}.Debug|Any CPU.ActiveCfg = Debug|Any CPU
		{AA97E026-5094-4D35-993D-07348862C676}.Debug|Any CPU.Build.0 = Debug|Any CPU
		{AA97E026-5094-4D35-993D-07348862C676}.Release|Any CPU.ActiveCfg = Release|Any CPU
		{AA97E026-5094-4D35-993D-07348862C676}.Release|Any CPU.Build.0 = Release|Any CPU
		{6164F1BB-C841-43E4-8869-370615667DF2}.Debug|Any CPU.ActiveCfg = Debug|Any CPU
		{6164F1BB-C841-43E4-8869-370615667DF2}.Debug|Any CPU.Build.0 = Debug|Any CPU
		{6164F1BB-C841-43E4-8869-370615667DF2}.Release|Any CPU.ActiveCfg = Release|Any CPU
		{6164F1BB-C841-43E4-8869-370615667DF2}.Release|Any CPU.Build.0 = Release|Any CPU
	EndGlobalSection
	GlobalSection(SolutionProperties) = preSolution
		HideSolutionNode = FALSE
	EndGlobalSection
	GlobalSection(ExtensibilityGlobals) = postSolution
		SolutionGuid = {EB0484EE-B351-4253-93FE-86C01D905951}
	EndGlobalSection
EndGlobal
